// !$*UTF8*$!
{
	archiveVersion = 1;
	classes = {
	};
	objectVersion = 56;
	objects = {

/* Begin PBXBuildFile section */
		D23DACEA2BD19A060004ABD7 /* LampiApp.swift in Sources */ = {isa = PBXBuildFile; fileRef = D23DACE92BD19A060004ABD7 /* LampiApp.swift */; };
		D23DACEC2BD19A060004ABD7 /* LampiView.swift in Sources */ = {isa = PBXBuildFile; fileRef = D23DACEB2BD19A060004ABD7 /* LampiView.swift */; };
		D23DACEE2BD19A070004ABD7 /* Assets.xcassets in Resources */ = {isa = PBXBuildFile; fileRef = D23DACED2BD19A070004ABD7 /* Assets.xcassets */; };
		D23DACF12BD19A070004ABD7 /* Preview Assets.xcassets in Resources */ = {isa = PBXBuildFile; fileRef = D23DACF02BD19A070004ABD7 /* Preview Assets.xcassets */; };
		D23DACF82BD1A0B20004ABD7 /* Loop.swift in Sources */ = {isa = PBXBuildFile; fileRef = D23DACF72BD1A0B20004ABD7 /* Loop.swift */; };
		D23DACFC2BD1A1A10004ABD7 /* LoopListView.swift in Sources */ = {isa = PBXBuildFile; fileRef = D23DACFB2BD1A1A10004ABD7 /* LoopListView.swift */; };
/* End PBXBuildFile section */

/* Begin PBXFileReference section */
		D23DACE62BD19A060004ABD7 /* Lampi-Looper.app */ = {isa = PBXFileReference; explicitFileType = wrapper.application; includeInIndex = 0; path = "Lampi-Looper.app"; sourceTree = BUILT_PRODUCTS_DIR; };
		D23DACE92BD19A060004ABD7 /* LampiApp.swift */ = {isa = PBXFileReference; lastKnownFileType = sourcecode.swift; path = LampiApp.swift; sourceTree = "<group>"; };
		D23DACEB2BD19A060004ABD7 /* LampiView.swift */ = {isa = PBXFileReference; lastKnownFileType = sourcecode.swift; path = LampiView.swift; sourceTree = "<group>"; };
		D23DACED2BD19A070004ABD7 /* Assets.xcassets */ = {isa = PBXFileReference; lastKnownFileType = folder.assetcatalog; path = Assets.xcassets; sourceTree = "<group>"; };
		D23DACF02BD19A070004ABD7 /* Preview Assets.xcassets */ = {isa = PBXFileReference; lastKnownFileType = folder.assetcatalog; path = "Preview Assets.xcassets"; sourceTree = "<group>"; };
		D23DACF72BD1A0B20004ABD7 /* Loop.swift */ = {isa = PBXFileReference; lastKnownFileType = sourcecode.swift; path = Loop.swift; sourceTree = "<group>"; };
		D23DACFB2BD1A1A10004ABD7 /* LoopListView.swift */ = {isa = PBXFileReference; lastKnownFileType = sourcecode.swift; path = LoopListView.swift; sourceTree = "<group>"; };
/* End PBXFileReference section */

/* Begin PBXFrameworksBuildPhase section */
		D23DACE32BD19A060004ABD7 /* Frameworks */ = {
			isa = PBXFrameworksBuildPhase;
			buildActionMask = 2147483647;
			files = (
			);
			runOnlyForDeploymentPostprocessing = 0;
		};
/* End PBXFrameworksBuildPhase section */

/* Begin PBXGroup section */
		D23DACDD2BD19A060004ABD7 = {
			isa = PBXGroup;
			children = (
				D23DACE82BD19A060004ABD7 /* Lampi-Looper */,
				D23DACE72BD19A060004ABD7 /* Products */,
			);
			sourceTree = "<group>";
		};
		D23DACE72BD19A060004ABD7 /* Products */ = {
			isa = PBXGroup;
			children = (
				D23DACE62BD19A060004ABD7 /* Lampi-Looper.app */,
			);
			name = Products;
			sourceTree = "<group>";
		};
		D23DACE82BD19A060004ABD7 /* Lampi-Looper */ = {
			isa = PBXGroup;
			children = (
				D23DACFB2BD1A1A10004ABD7 /* LoopListView.swift */,
				D23DACF72BD1A0B20004ABD7 /* Loop.swift */,
				D23DACE92BD19A060004ABD7 /* LampiApp.swift */,
				D23DACEB2BD19A060004ABD7 /* LampiView.swift */,
				D23DACED2BD19A070004ABD7 /* Assets.xcassets */,
				D23DACEF2BD19A070004ABD7 /* Preview Content */,
			);
			path = "Lampi-Looper";
			sourceTree = "<group>";
		};
		D23DACEF2BD19A070004ABD7 /* Preview Content */ = {
			isa = PBXGroup;
			children = (
				D23DACF02BD19A070004ABD7 /* Preview Assets.xcassets */,
			);
			path = "Preview Content";
			sourceTree = "<group>";
		};
/* End PBXGroup section */

/* Begin PBXNativeTarget section */
		D23DACE52BD19A060004ABD7 /* Lampi-Looper */ = {
			isa = PBXNativeTarget;
			buildConfigurationList = D23DACF42BD19A070004ABD7 /* Build configuration list for PBXNativeTarget "Lampi-Looper" */;
			buildPhases = (
				D23DACE22BD19A060004ABD7 /* Sources */,
				D23DACE32BD19A060004ABD7 /* Frameworks */,
				D23DACE42BD19A060004ABD7 /* Resources */,
			);
			buildRules = (
			);
			dependencies = (
			);
			name = "Lampi-Looper";
			productName = "Lampi-Looper";
			productReference = D23DACE62BD19A060004ABD7 /* Lampi-Looper.app */;
			productType = "com.apple.product-type.application";
		};
/* End PBXNativeTarget section */

/* Begin PBXProject section */
		D23DACDE2BD19A060004ABD7 /* Project object */ = {
			isa = PBXProject;
			attributes = {
				BuildIndependentTargetsInParallel = 1;
				LastSwiftUpdateCheck = 1530;
				LastUpgradeCheck = 1530;
				TargetAttributes = {
					D23DACE52BD19A060004ABD7 = {
						CreatedOnToolsVersion = 15.3;
					};
				};
			};
			buildConfigurationList = D23DACE12BD19A060004ABD7 /* Build configuration list for PBXProject "Lampi-Looper" */;
			compatibilityVersion = "Xcode 14.0";
			developmentRegion = en;
			hasScannedForEncodings = 0;
			knownRegions = (
				en,
				Base,
			);
			mainGroup = D23DACDD2BD19A060004ABD7;
			productRefGroup = D23DACE72BD19A060004ABD7 /* Products */;
			projectDirPath = "";
			projectRoot = "";
			targets = (
				D23DACE52BD19A060004ABD7 /* Lampi-Looper */,
			);
		};
/* End PBXProject section */

/* Begin PBXResourcesBuildPhase section */
		D23DACE42BD19A060004ABD7 /* Resources */ = {
			isa = PBXResourcesBuildPhase;
			buildActionMask = 2147483647;
			files = (
				D23DACF12BD19A070004ABD7 /* Preview Assets.xcassets in Resources */,
				D23DACEE2BD19A070004ABD7 /* Assets.xcassets in Resources */,
			);
			runOnlyForDeploymentPostprocessing = 0;
		};
/* End PBXResourcesBuildPhase section */

/* Begin PBXSourcesBuildPhase section */
		D23DACE22BD19A060004ABD7 /* Sources */ = {
			isa = PBXSourcesBuildPhase;
			buildActionMask = 2147483647;
			files = (
				D23DACF82BD1A0B20004ABD7 /* Loop.swift in Sources */,
				D23DACEC2BD19A060004ABD7 /* LampiView.swift in Sources */,
				D23DACFC2BD1A1A10004ABD7 /* LoopListView.swift in Sources */,
				D23DACEA2BD19A060004ABD7 /* LampiApp.swift in Sources */,
			);
			runOnlyForDeploymentPostprocessing = 0;
		};
/* End PBXSourcesBuildPhase section */

/* Begin XCBuildConfiguration section */
		D23DACF22BD19A070004ABD7 /* Debug */ = {
			isa = XCBuildConfiguration;
			buildSettings = {
				ALWAYS_SEARCH_USER_PATHS = NO;
				ASSETCATALOG_COMPILER_GENERATE_SWIFT_ASSET_SYMBOL_EXTENSIONS = YES;
				CLANG_ANALYZER_NONNULL = YES;
				CLANG_ANALYZER_NUMBER_OBJECT_CONVERSION = YES_AGGRESSIVE;
				CLANG_CXX_LANGUAGE_STANDARD = "gnu++20";
				CLANG_ENABLE_MODULES = YES;
				CLANG_ENABLE_OBJC_ARC = YES;
				CLANG_ENABLE_OBJC_WEAK = YES;
				CLANG_WARN_BLOCK_CAPTURE_AUTORELEASING = YES;
				CLANG_WARN_BOOL_CONVERSION = YES;
				CLANG_WARN_COMMA = YES;
				CLANG_WARN_CONSTANT_CONVERSION = YES;
				CLANG_WARN_DEPRECATED_OBJC_IMPLEMENTATIONS = YES;
				CLANG_WARN_DIRECT_OBJC_ISA_USAGE = YES_ERROR;
				CLANG_WARN_DOCUMENTATION_COMMENTS = YES;
				CLANG_WARN_EMPTY_BODY = YES;
				CLANG_WARN_ENUM_CONVERSION = YES;
				CLANG_WARN_INFINITE_RECURSION = YES;
				CLANG_WARN_INT_CONVERSION = YES;
				CLANG_WARN_NON_LITERAL_NULL_CONVERSION = YES;
				CLANG_WARN_OBJC_IMPLICIT_RETAIN_SELF = YES;
				CLANG_WARN_OBJC_LITERAL_CONVERSION = YES;
				CLANG_WARN_OBJC_ROOT_CLASS = YES_ERROR;
				CLANG_WARN_QUOTED_INCLUDE_IN_FRAMEWORK_HEADER = YES;
				CLANG_WARN_RANGE_LOOP_ANALYSIS = YES;
				CLANG_WARN_STRICT_PROTOTYPES = YES;
				CLANG_WARN_SUSPICIOUS_MOVE = YES;
				CLANG_WARN_UNGUARDED_AVAILABILITY = YES_AGGRESSIVE;
				CLANG_WARN_UNREACHABLE_CODE = YES;
				CLANG_WARN__DUPLICATE_METHOD_MATCH = YES;
				COPY_PHASE_STRIP = NO;
				DEBUG_INFORMATION_FORMAT = dwarf;
				ENABLE_STRICT_OBJC_MSGSEND = YES;
				ENABLE_TESTABILITY = YES;
				ENABLE_USER_SCRIPT_SANDBOXING = YES;
				GCC_C_LANGUAGE_STANDARD = gnu17;
				GCC_DYNAMIC_NO_PIC = NO;
				GCC_NO_COMMON_BLOCKS = YES;
				GCC_OPTIMIZATION_LEVEL = 0;
				GCC_PREPROCESSOR_DEFINITIONS = (
					"DEBUG=1",
					"$(inherited)",
				);
				GCC_WARN_64_TO_32_BIT_CONVERSION = YES;
				GCC_WARN_ABOUT_RETURN_TYPE = YES_ERROR;
				GCC_WARN_UNDECLARED_SELECTOR = YES;
				GCC_WARN_UNINITIALIZED_AUTOS = YES_AGGRESSIVE;
				GCC_WARN_UNUSED_FUNCTION = YES;
				GCC_WARN_UNUSED_VARIABLE = YES;
				IPHONEOS_DEPLOYMENT_TARGET = 17.4;
				LOCALIZATION_PREFERS_STRING_CATALOGS = YES;
				MTL_ENABLE_DEBUG_INFO = INCLUDE_SOURCE;
				MTL_FAST_MATH = YES;
				ONLY_ACTIVE_ARCH = YES;
				SDKROOT = iphoneos;
				SWIFT_ACTIVE_COMPILATION_CONDITIONS = "DEBUG $(inherited)";
				SWIFT_OPTIMIZATION_LEVEL = "-Onone";
			};
			name = Debug;
		};
		D23DACF32BD19A070004ABD7 /* Release */ = {
			isa = XCBuildConfiguration;
			buildSettings = {
				ALWAYS_SEARCH_USER_PATHS = NO;
				ASSETCATALOG_COMPILER_GENERATE_SWIFT_ASSET_SYMBOL_EXTENSIONS = YES;
				CLANG_ANALYZER_NONNULL = YES;
				CLANG_ANALYZER_NUMBER_OBJECT_CONVERSION = YES_AGGRESSIVE;
				CLANG_CXX_LANGUAGE_STANDARD = "gnu++20";
				CLANG_ENABLE_MODULES = YES;
				CLANG_ENABLE_OBJC_ARC = YES;
				CLANG_ENABLE_OBJC_WEAK = YES;
				CLANG_WARN_BLOCK_CAPTURE_AUTORELEASING = YES;
				CLANG_WARN_BOOL_CONVERSION = YES;
				CLANG_WARN_COMMA = YES;
				CLANG_WARN_CONSTANT_CONVERSION = YES;
				CLANG_WARN_DEPRECATED_OBJC_IMPLEMENTATIONS = YES;
				CLANG_WARN_DIRECT_OBJC_ISA_USAGE = YES_ERROR;
				CLANG_WARN_DOCUMENTATION_COMMENTS = YES;
				CLANG_WARN_EMPTY_BODY = YES;
				CLANG_WARN_ENUM_CONVERSION = YES;
				CLANG_WARN_INFINITE_RECURSION = YES;
				CLANG_WARN_INT_CONVERSION = YES;
				CLANG_WARN_NON_LITERAL_NULL_CONVERSION = YES;
				CLANG_WARN_OBJC_IMPLICIT_RETAIN_SELF = YES;
				CLANG_WARN_OBJC_LITERAL_CONVERSION = YES;
				CLANG_WARN_OBJC_ROOT_CLASS = YES_ERROR;
				CLANG_WARN_QUOTED_INCLUDE_IN_FRAMEWORK_HEADER = YES;
				CLANG_WARN_RANGE_LOOP_ANALYSIS = YES;
				CLANG_WARN_STRICT_PROTOTYPES = YES;
				CLANG_WARN_SUSPICIOUS_MOVE = YES;
				CLANG_WARN_UNGUARDED_AVAILABILITY = YES_AGGRESSIVE;
				CLANG_WARN_UNREACHABLE_CODE = YES;
				CLANG_WARN__DUPLICATE_METHOD_MATCH = YES;
				COPY_PHASE_STRIP = NO;
				DEBUG_INFORMATION_FORMAT = "dwarf-with-dsym";
				ENABLE_NS_ASSERTIONS = NO;
				ENABLE_STRICT_OBJC_MSGSEND = YES;
				ENABLE_USER_SCRIPT_SANDBOXING = YES;
				GCC_C_LANGUAGE_STANDARD = gnu17;
				GCC_NO_COMMON_BLOCKS = YES;
				GCC_WARN_64_TO_32_BIT_CONVERSION = YES;
				GCC_WARN_ABOUT_RETURN_TYPE = YES_ERROR;
				GCC_WARN_UNDECLARED_SELECTOR = YES;
				GCC_WARN_UNINITIALIZED_AUTOS = YES_AGGRESSIVE;
				GCC_WARN_UNUSED_FUNCTION = YES;
				GCC_WARN_UNUSED_VARIABLE = YES;
				IPHONEOS_DEPLOYMENT_TARGET = 17.4;
				LOCALIZATION_PREFERS_STRING_CATALOGS = YES;
				MTL_ENABLE_DEBUG_INFO = NO;
				MTL_FAST_MATH = YES;
				SDKROOT = iphoneos;
				SWIFT_COMPILATION_MODE = wholemodule;
				VALIDATE_PRODUCT = YES;
			};
			name = Release;
		};
		D23DACF52BD19A070004ABD7 /* Debug */ = {
			isa = XCBuildConfiguration;
			buildSettings = {
				ASSETCATALOG_COMPILER_APPICON_NAME = AppIcon;
				ASSETCATALOG_COMPILER_GLOBAL_ACCENT_COLOR_NAME = AccentColor;
				CODE_SIGN_STYLE = Automatic;
				CURRENT_PROJECT_VERSION = 1;
				DEVELOPMENT_ASSET_PATHS = "\"Lampi-Looper/Preview Content\"";
				DEVELOPMENT_TEAM = GXS383TKW8;
				ENABLE_PREVIEWS = YES;
				GENERATE_INFOPLIST_FILE = YES;
				INFOPLIST_KEY_UIApplicationSceneManifest_Generation = YES;
				INFOPLIST_KEY_UIApplicationSupportsIndirectInputEvents = YES;
				INFOPLIST_KEY_UILaunchScreen_Generation = YES;
				INFOPLIST_KEY_UISupportedInterfaceOrientations_iPad = "UIInterfaceOrientationPortrait UIInterfaceOrientationPortraitUpsideDown UIInterfaceOrientationLandscapeLeft UIInterfaceOrientationLandscapeRight";
				INFOPLIST_KEY_UISupportedInterfaceOrientations_iPhone = "UIInterfaceOrientationPortrait UIInterfaceOrientationLandscapeLeft UIInterfaceOrientationLandscapeRight";
				LD_RUNPATH_SEARCH_PATHS = (
					"$(inherited)",
					"@executable_path/Frameworks",
				);
				MARKETING_VERSION = 1.0;
				PRODUCT_BUNDLE_IDENTIFIER = "com.georgia.Lampi-Looper";
				PRODUCT_NAME = "$(TARGET_NAME)";
				SWIFT_EMIT_LOC_STRINGS = YES;
				SWIFT_VERSION = 5.0;
				TARGETED_DEVICE_FAMILY = "1,2";
			};
			name = Debug;
		};
		D23DACF62BD19A070004ABD7 /* Release */ = {
			isa = XCBuildConfiguration;
			buildSettings = {
				ASSETCATALOG_COMPILER_APPICON_NAME = AppIcon;
				ASSETCATALOG_COMPILER_GLOBAL_ACCENT_COLOR_NAME = AccentColor;
				CODE_SIGN_STYLE = Automatic;
				CURRENT_PROJECT_VERSION = 1;
				DEVELOPMENT_ASSET_PATHS = "\"Lampi-Looper/Preview Content\"";
				DEVELOPMENT_TEAM = GXS383TKW8;
				ENABLE_PREVIEWS = YES;
				GENERATE_INFOPLIST_FILE = YES;
				INFOPLIST_KEY_UIApplicationSceneManifest_Generation = YES;
				INFOPLIST_KEY_UIApplicationSupportsIndirectInputEvents = YES;
				INFOPLIST_KEY_UILaunchScreen_Generation = YES;
				INFOPLIST_KEY_UISupportedInterfaceOrientations_iPad = "UIInterfaceOrientationPortrait UIInterfaceOrientationPortraitUpsideDown UIInterfaceOrientationLandscapeLeft UIInterfaceOrientationLandscapeRight";
				INFOPLIST_KEY_UISupportedInterfaceOrientations_iPhone = "UIInterfaceOrientationPortrait UIInterfaceOrientationLandscapeLeft UIInterfaceOrientationLandscapeRight";
				LD_RUNPATH_SEARCH_PATHS = (
					"$(inherited)",
					"@executable_path/Frameworks",
				);
				MARKETING_VERSION = 1.0;
				PRODUCT_BUNDLE_IDENTIFIER = "com.georgia.Lampi-Looper";
				PRODUCT_NAME = "$(TARGET_NAME)";
				SWIFT_EMIT_LOC_STRINGS = YES;
				SWIFT_VERSION = 5.0;
				TARGETED_DEVICE_FAMILY = "1,2";
			};
			name = Release;
		};
/* End XCBuildConfiguration section */

/* Begin XCConfigurationList section */
		D23DACE12BD19A060004ABD7 /* Build configuration list for PBXProject "Lampi-Looper" */ = {
			isa = XCConfigurationList;
			buildConfigurations = (
				D23DACF22BD19A070004ABD7 /* Debug */,
				D23DACF32BD19A070004ABD7 /* Release */,
			);
			defaultConfigurationIsVisible = 0;
			defaultConfigurationName = Release;
		};
		D23DACF42BD19A070004ABD7 /* Build configuration list for PBXNativeTarget "Lampi-Looper" */ = {
			isa = XCConfigurationList;
			buildConfigurations = (
				D23DACF52BD19A070004ABD7 /* Debug */,
				D23DACF62BD19A070004ABD7 /* Release */,
			);
			defaultConfigurationIsVisible = 0;
			defaultConfigurationName = Release;
		};
/* End XCConfigurationList section */
	};
	rootObject = D23DACDE2BD19A060004ABD7 /* Project object */;
}
